
Microsoft Visual Studio Solution File, Format Version 12.00
# Visual Studio 2012
Project("{FAE04EC0-301F-11D3-BF4B-00C04F79EFBC}") = "XML", "XML\XML.csproj", "{7A03E812-0DB3-4511-A431-9FF482A10B9F}"
EndProject
Global
	GlobalSection(SolutionConfigurationPlatforms) = preSolution
		Debug|iPhoneSimulator = Debug|iPhoneSimulator
		Release|iPhone = Release|iPhone
		Release|iPhoneSimulator = Release|iPhoneSimulator
		Debug|iPhone = Debug|iPhone
	EndGlobalSection
	GlobalSection(ProjectConfigurationPlatforms) = postSolution
		{7A03E812-0DB3-4511-A431-9FF482A10B9F}.Debug|iPhoneSimulator.ActiveCfg = Debug|iPhoneSimulator
		{7A03E812-0DB3-4511-A431-9FF482A10B9F}.Debug|iPhoneSimulator.Build.0 = Debug|iPhoneSimulator
		{7A03E812-0DB3-4511-A431-9FF482A10B9F}.Release|iPhone.ActiveCfg = Release|iPhone
		{7A03E812-0DB3-4511-A431-9FF482A10B9F}.Release|iPhone.Build.0 = Release|iPhone
		{7A03E812-0DB3-4511-A431-9FF482A10B9F}.Release|iPhoneSimulator.ActiveCfg = Release|iPhoneSimulator
		{7A03E812-0DB3-4511-A431-9FF482A10B9F}.Release|iPhoneSimulator.Build.0 = Release|iPhoneSimulator
		{7A03E812-0DB3-4511-A431-9FF482A10B9F}.Debug|iPhone.ActiveCfg = Debug|iPhone
		{7A03E812-0DB3-4511-A431-9FF482A10B9F}.Debug|iPhone.Build.0 = Debug|iPhone
	EndGlobalSection
EndGlobal
